
Microsoft Visual Studio Solution File, Format Version 12.00
# Visual Studio Version 17
VisualStudioVersion = 17.0.31903.59
MinimumVisualStudioVersion = 10.0.40219.1
Project("{2150E333-8FDC-42A3-9474-1A3956D46DE8}") = "src", "src", "{2C00211D-8C8B-4E31-93A5-A72C209B6852}"
EndProject
Project("{9A19103F-16F7-4668-BE54-9A1E7A4F7556}") = "Domain", "src\Domain\Domain.csproj", "{0FA85ABE-614B-412A-A89F-14217C574873}"
EndProject
Project("{2150E333-8FDC-42A3-9474-1A3956D46DE8}") = "test", "test", "{4E9A5968-4844-4966-9DD2-1506B21A3AFD}"
EndProject
Project("{9A19103F-16F7-4668-BE54-9A1E7A4F7556}") = "Domain.Tests", "test\Domain.Tests\Domain.Tests.csproj", "{246FAB7F-1D6B-4FE2-A8FD-543EC123207C}"
EndProject
Project("{FAE04EC0-301F-11D3-BF4B-00C04F79EFBC}") = "Library", "src\Library\Library.csproj", "{5972B63E-B0BC-48EC-A3F9-2E2EE737D744}"
EndProject
Project("{FAE04EC0-301F-11D3-BF4B-00C04F79EFBC}") = "Library.Tests", "test\Library.Tests\Library.Tests.csproj", "{888843C8-54F2-46ED-B4A4-9AD15F2D5A24}"
EndProject
Project("{FAE04EC0-301F-11D3-BF4B-00C04F79EFBC}") = "Infrastructure", "src\Infrastructure\Infrastructure.csproj", "{2FD2F673-076C-478A-B713-1502C0F703D5}"
EndProject
Project("{FAE04EC0-301F-11D3-BF4B-00C04F79EFBC}") = "Infrastructure.Tests", "test\Infrastructure.Tests\Infrastructure.Tests.csproj", "{638C2992-1EA6-47FC-89EE-0D56A96DACDF}"
EndProject
Project("{FAE04EC0-301F-11D3-BF4B-00C04F79EFBC}") = "Shared", "test\Shared\Shared.csproj", "{FF6C31E4-4D2A-45E5-B91C-CC90CA433964}"
EndProject
Project("{2150E333-8FDC-42A3-9474-1A3956D46DE8}") = "sample", "sample", "{4F9FFBB0-D3A3-42EB-B0A9-5FBA14489002}"
EndProject
Project("{FAE04EC0-301F-11D3-BF4B-00C04F79EFBC}") = "PostgresSample", "sample\PostgresSample\PostgresSample.csproj", "{D9E51959-65BE-4A4A-892A-1EE9C3411CAA}"
EndProject
Project("{FAE04EC0-301F-11D3-BF4B-00C04F79EFBC}") = "RedisSample", "sample\RedisSample\RedisSample.csproj", "{EA61971C-3A0E-4BE6-A896-111E1DCC0182}"
EndProject
Project("{2150E333-8FDC-42A3-9474-1A3956D46DE8}") = "tools", "tools", "{FEC53ED3-1A6B-407C-8176-B01C3F931AC3}"
	ProjectSection(SolutionItems) = preProject
		test\tools\generate_diff_satisfying_nonces.sh = test\tools\generate_diff_satisfying_nonces.sh
		test\tools\requirements.txt = test\tools\requirements.txt
		test\README.md = test\README.md
	EndProjectSection
EndProject
Global
	GlobalSection(SolutionConfigurationPlatforms) = preSolution
		Debug|Any CPU = Debug|Any CPU
		Debug|x64 = Debug|x64
		Debug|x86 = Debug|x86
		Release|Any CPU = Release|Any CPU
		Release|x64 = Release|x64
		Release|x86 = Release|x86
	EndGlobalSection
	GlobalSection(ProjectConfigurationPlatforms) = postSolution
		{0FA85ABE-614B-412A-A89F-14217C574873}.Debug|Any CPU.ActiveCfg = Debug|Any CPU
		{0FA85ABE-614B-412A-A89F-14217C574873}.Debug|Any CPU.Build.0 = Debug|Any CPU
		{0FA85ABE-614B-412A-A89F-14217C574873}.Debug|x64.ActiveCfg = Debug|Any CPU
		{0FA85ABE-614B-412A-A89F-14217C574873}.Debug|x64.Build.0 = Debug|Any CPU
		{0FA85ABE-614B-412A-A89F-14217C574873}.Debug|x86.ActiveCfg = Debug|Any CPU
		{0FA85ABE-614B-412A-A89F-14217C574873}.Debug|x86.Build.0 = Debug|Any CPU
		{0FA85ABE-614B-412A-A89F-14217C574873}.Release|Any CPU.ActiveCfg = Release|Any CPU
		{0FA85ABE-614B-412A-A89F-14217C574873}.Release|Any CPU.Build.0 = Release|Any CPU
		{0FA85ABE-614B-412A-A89F-14217C574873}.Release|x64.ActiveCfg = Release|Any CPU
		{0FA85ABE-614B-412A-A89F-14217C574873}.Release|x64.Build.0 = Release|Any CPU
		{0FA85ABE-614B-412A-A89F-14217C574873}.Release|x86.ActiveCfg = Release|Any CPU
		{0FA85ABE-614B-412A-A89F-14217C574873}.Release|x86.Build.0 = Release|Any CPU
		{246FAB7F-1D6B-4FE2-A8FD-543EC123207C}.Debug|Any CPU.ActiveCfg = Debug|Any CPU
		{246FAB7F-1D6B-4FE2-A8FD-543EC123207C}.Debug|Any CPU.Build.0 = Debug|Any CPU
		{246FAB7F-1D6B-4FE2-A8FD-543EC123207C}.Debug|x64.ActiveCfg = Debug|Any CPU
		{246FAB7F-1D6B-4FE2-A8FD-543EC123207C}.Debug|x64.Build.0 = Debug|Any CPU
		{246FAB7F-1D6B-4FE2-A8FD-543EC123207C}.Debug|x86.ActiveCfg = Debug|Any CPU
		{246FAB7F-1D6B-4FE2-A8FD-543EC123207C}.Debug|x86.Build.0 = Debug|Any CPU
		{246FAB7F-1D6B-4FE2-A8FD-543EC123207C}.Release|Any CPU.ActiveCfg = Release|Any CPU
		{246FAB7F-1D6B-4FE2-A8FD-543EC123207C}.Release|Any CPU.Build.0 = Release|Any CPU
		{246FAB7F-1D6B-4FE2-A8FD-543EC123207C}.Release|x64.ActiveCfg = Release|Any CPU
		{246FAB7F-1D6B-4FE2-A8FD-543EC123207C}.Release|x64.Build.0 = Release|Any CPU
		{246FAB7F-1D6B-4FE2-A8FD-543EC123207C}.Release|x86.ActiveCfg = Release|Any CPU
		{246FAB7F-1D6B-4FE2-A8FD-543EC123207C}.Release|x86.Build.0 = Release|Any CPU
		{5972B63E-B0BC-48EC-A3F9-2E2EE737D744}.Debug|Any CPU.ActiveCfg = Debug|Any CPU
		{5972B63E-B0BC-48EC-A3F9-2E2EE737D744}.Debug|Any CPU.Build.0 = Debug|Any CPU
		{5972B63E-B0BC-48EC-A3F9-2E2EE737D744}.Debug|x64.ActiveCfg = Debug|Any CPU
		{5972B63E-B0BC-48EC-A3F9-2E2EE737D744}.Debug|x64.Build.0 = Debug|Any CPU
		{5972B63E-B0BC-48EC-A3F9-2E2EE737D744}.Debug|x86.ActiveCfg = Debug|Any CPU
		{5972B63E-B0BC-48EC-A3F9-2E2EE737D744}.Debug|x86.Build.0 = Debug|Any CPU
		{5972B63E-B0BC-48EC-A3F9-2E2EE737D744}.Release|Any CPU.ActiveCfg = Release|Any CPU
		{5972B63E-B0BC-48EC-A3F9-2E2EE737D744}.Release|Any CPU.Build.0 = Release|Any CPU
		{5972B63E-B0BC-48EC-A3F9-2E2EE737D744}.Release|x64.ActiveCfg = Release|Any CPU
		{5972B63E-B0BC-48EC-A3F9-2E2EE737D744}.Release|x64.Build.0 = Release|Any CPU
		{5972B63E-B0BC-48EC-A3F9-2E2EE737D744}.Release|x86.ActiveCfg = Release|Any CPU
		{5972B63E-B0BC-48EC-A3F9-2E2EE737D744}.Release|x86.Build.0 = Release|Any CPU
		{888843C8-54F2-46ED-B4A4-9AD15F2D5A24}.Debug|Any CPU.ActiveCfg = Debug|Any CPU
		{888843C8-54F2-46ED-B4A4-9AD15F2D5A24}.Debug|Any CPU.Build.0 = Debug|Any CPU
		{888843C8-54F2-46ED-B4A4-9AD15F2D5A24}.Debug|x64.ActiveCfg = Debug|Any CPU
		{888843C8-54F2-46ED-B4A4-9AD15F2D5A24}.Debug|x64.Build.0 = Debug|Any CPU
		{888843C8-54F2-46ED-B4A4-9AD15F2D5A24}.Debug|x86.ActiveCfg = Debug|Any CPU
		{888843C8-54F2-46ED-B4A4-9AD15F2D5A24}.Debug|x86.Build.0 = Debug|Any CPU
		{888843C8-54F2-46ED-B4A4-9AD15F2D5A24}.Release|Any CPU.ActiveCfg = Release|Any CPU
		{888843C8-54F2-46ED-B4A4-9AD15F2D5A24}.Release|Any CPU.Build.0 = Release|Any CPU
		{888843C8-54F2-46ED-B4A4-9AD15F2D5A24}.Release|x64.ActiveCfg = Release|Any CPU
		{888843C8-54F2-46ED-B4A4-9AD15F2D5A24}.Release|x64.Build.0 = Release|Any CPU
		{888843C8-54F2-46ED-B4A4-9AD15F2D5A24}.Release|x86.ActiveCfg = Release|Any CPU
		{888843C8-54F2-46ED-B4A4-9AD15F2D5A24}.Release|x86.Build.0 = Release|Any CPU
		{2FD2F673-076C-478A-B713-1502C0F703D5}.Debug|Any CPU.ActiveCfg = Debug|Any CPU
		{2FD2F673-076C-478A-B713-1502C0F703D5}.Debug|Any CPU.Build.0 = Debug|Any CPU
		{2FD2F673-076C-478A-B713-1502C0F703D5}.Debug|x64.ActiveCfg = Debug|Any CPU
		{2FD2F673-076C-478A-B713-1502C0F703D5}.Debug|x64.Build.0 = Debug|Any CPU
		{2FD2F673-076C-478A-B713-1502C0F703D5}.Debug|x86.ActiveCfg = Debug|Any CPU
		{2FD2F673-076C-478A-B713-1502C0F703D5}.Debug|x86.Build.0 = Debug|Any CPU
		{2FD2F673-076C-478A-B713-1502C0F703D5}.Release|Any CPU.ActiveCfg = Release|Any CPU
		{2FD2F673-076C-478A-B713-1502C0F703D5}.Release|Any CPU.Build.0 = Release|Any CPU
		{2FD2F673-076C-478A-B713-1502C0F703D5}.Release|x64.ActiveCfg = Release|Any CPU
		{2FD2F673-076C-478A-B713-1502C0F703D5}.Release|x64.Build.0 = Release|Any CPU
		{2FD2F673-076C-478A-B713-1502C0F703D5}.Release|x86.ActiveCfg = Release|Any CPU
		{2FD2F673-076C-478A-B713-1502C0F703D5}.Release|x86.Build.0 = Release|Any CPU
		{638C2992-1EA6-47FC-89EE-0D56A96DACDF}.Debug|Any CPU.ActiveCfg = Debug|Any CPU
		{638C2992-1EA6-47FC-89EE-0D56A96DACDF}.Debug|Any CPU.Build.0 = Debug|Any CPU
		{638C2992-1EA6-47FC-89EE-0D56A96DACDF}.Debug|x64.ActiveCfg = Debug|Any CPU
		{638C2992-1EA6-47FC-89EE-0D56A96DACDF}.Debug|x64.Build.0 = Debug|Any CPU
		{638C2992-1EA6-47FC-89EE-0D56A96DACDF}.Debug|x86.ActiveCfg = Debug|Any CPU
		{638C2992-1EA6-47FC-89EE-0D56A96DACDF}.Debug|x86.Build.0 = Debug|Any CPU
		{638C2992-1EA6-47FC-89EE-0D56A96DACDF}.Release|Any CPU.ActiveCfg = Release|Any CPU
		{638C2992-1EA6-47FC-89EE-0D56A96DACDF}.Release|Any CPU.Build.0 = Release|Any CPU
		{638C2992-1EA6-47FC-89EE-0D56A96DACDF}.Release|x64.ActiveCfg = Release|Any CPU
		{638C2992-1EA6-47FC-89EE-0D56A96DACDF}.Release|x64.Build.0 = Release|Any CPU
		{638C2992-1EA6-47FC-89EE-0D56A96DACDF}.Release|x86.ActiveCfg = Release|Any CPU
		{638C2992-1EA6-47FC-89EE-0D56A96DACDF}.Release|x86.Build.0 = Release|Any CPU
		{FF6C31E4-4D2A-45E5-B91C-CC90CA433964}.Debug|Any CPU.ActiveCfg = Debug|Any CPU
		{FF6C31E4-4D2A-45E5-B91C-CC90CA433964}.Debug|Any CPU.Build.0 = Debug|Any CPU
		{FF6C31E4-4D2A-45E5-B91C-CC90CA433964}.Debug|x64.ActiveCfg = Debug|Any CPU
		{FF6C31E4-4D2A-45E5-B91C-CC90CA433964}.Debug|x64.Build.0 = Debug|Any CPU
		{FF6C31E4-4D2A-45E5-B91C-CC90CA433964}.Debug|x86.ActiveCfg = Debug|Any CPU
		{FF6C31E4-4D2A-45E5-B91C-CC90CA433964}.Debug|x86.Build.0 = Debug|Any CPU
		{FF6C31E4-4D2A-45E5-B91C-CC90CA433964}.Release|Any CPU.ActiveCfg = Release|Any CPU
		{FF6C31E4-4D2A-45E5-B91C-CC90CA433964}.Release|Any CPU.Build.0 = Release|Any CPU
		{FF6C31E4-4D2A-45E5-B91C-CC90CA433964}.Release|x64.ActiveCfg = Release|Any CPU
		{FF6C31E4-4D2A-45E5-B91C-CC90CA433964}.Release|x64.Build.0 = Release|Any CPU
		{FF6C31E4-4D2A-45E5-B91C-CC90CA433964}.Release|x86.ActiveCfg = Release|Any CPU
		{FF6C31E4-4D2A-45E5-B91C-CC90CA433964}.Release|x86.Build.0 = Release|Any CPU
		{D9E51959-65BE-4A4A-892A-1EE9C3411CAA}.Debug|Any CPU.ActiveCfg = Debug|Any CPU
		{D9E51959-65BE-4A4A-892A-1EE9C3411CAA}.Debug|Any CPU.Build.0 = Debug|Any CPU
		{D9E51959-65BE-4A4A-892A-1EE9C3411CAA}.Debug|x64.ActiveCfg = Debug|Any CPU
		{D9E51959-65BE-4A4A-892A-1EE9C3411CAA}.Debug|x64.Build.0 = Debug|Any CPU
		{D9E51959-65BE-4A4A-892A-1EE9C3411CAA}.Debug|x86.ActiveCfg = Debug|Any CPU
		{D9E51959-65BE-4A4A-892A-1EE9C3411CAA}.Debug|x86.Build.0 = Debug|Any CPU
		{D9E51959-65BE-4A4A-892A-1EE9C3411CAA}.Release|Any CPU.ActiveCfg = Release|Any CPU
		{D9E51959-65BE-4A4A-892A-1EE9C3411CAA}.Release|Any CPU.Build.0 = Release|Any CPU
		{D9E51959-65BE-4A4A-892A-1EE9C3411CAA}.Release|x64.ActiveCfg = Release|Any CPU
		{D9E51959-65BE-4A4A-892A-1EE9C3411CAA}.Release|x64.Build.0 = Release|Any CPU
		{D9E51959-65BE-4A4A-892A-1EE9C3411CAA}.Release|x86.ActiveCfg = Release|Any CPU
		{D9E51959-65BE-4A4A-892A-1EE9C3411CAA}.Release|x86.Build.0 = Release|Any CPU
		{EA61971C-3A0E-4BE6-A896-111E1DCC0182}.Debug|Any CPU.ActiveCfg = Debug|Any CPU
		{EA61971C-3A0E-4BE6-A896-111E1DCC0182}.Debug|Any CPU.Build.0 = Debug|Any CPU
		{EA61971C-3A0E-4BE6-A896-111E1DCC0182}.Debug|x64.ActiveCfg = Debug|Any CPU
		{EA61971C-3A0E-4BE6-A896-111E1DCC0182}.Debug|x64.Build.0 = Debug|Any CPU
		{EA61971C-3A0E-4BE6-A896-111E1DCC0182}.Debug|x86.ActiveCfg = Debug|Any CPU
		{EA61971C-3A0E-4BE6-A896-111E1DCC0182}.Debug|x86.Build.0 = Debug|Any CPU
		{EA61971C-3A0E-4BE6-A896-111E1DCC0182}.Release|Any CPU.ActiveCfg = Release|Any CPU
		{EA61971C-3A0E-4BE6-A896-111E1DCC0182}.Release|Any CPU.Build.0 = Release|Any CPU
		{EA61971C-3A0E-4BE6-A896-111E1DCC0182}.Release|x64.ActiveCfg = Release|Any CPU
		{EA61971C-3A0E-4BE6-A896-111E1DCC0182}.Release|x64.Build.0 = Release|Any CPU
		{EA61971C-3A0E-4BE6-A896-111E1DCC0182}.Release|x86.ActiveCfg = Release|Any CPU
		{EA61971C-3A0E-4BE6-A896-111E1DCC0182}.Release|x86.Build.0 = Release|Any CPU
	EndGlobalSection
	GlobalSection(SolutionProperties) = preSolution
		HideSolutionNode = FALSE
	EndGlobalSection
	GlobalSection(NestedProjects) = preSolution
		{0FA85ABE-614B-412A-A89F-14217C574873} = {2C00211D-8C8B-4E31-93A5-A72C209B6852}
		{246FAB7F-1D6B-4FE2-A8FD-543EC123207C} = {4E9A5968-4844-4966-9DD2-1506B21A3AFD}
		{5972B63E-B0BC-48EC-A3F9-2E2EE737D744} = {2C00211D-8C8B-4E31-93A5-A72C209B6852}
		{888843C8-54F2-46ED-B4A4-9AD15F2D5A24} = {4E9A5968-4844-4966-9DD2-1506B21A3AFD}
		{2FD2F673-076C-478A-B713-1502C0F703D5} = {2C00211D-8C8B-4E31-93A5-A72C209B6852}
		{638C2992-1EA6-47FC-89EE-0D56A96DACDF} = {4E9A5968-4844-4966-9DD2-1506B21A3AFD}
		{FF6C31E4-4D2A-45E5-B91C-CC90CA433964} = {4E9A5968-4844-4966-9DD2-1506B21A3AFD}
		{D9E51959-65BE-4A4A-892A-1EE9C3411CAA} = {4F9FFBB0-D3A3-42EB-B0A9-5FBA14489002}
		{EA61971C-3A0E-4BE6-A896-111E1DCC0182} = {4F9FFBB0-D3A3-42EB-B0A9-5FBA14489002}
		{FEC53ED3-1A6B-407C-8176-B01C3F931AC3} = {4E9A5968-4844-4966-9DD2-1506B21A3AFD}
	EndGlobalSection
	GlobalSection(ExtensibilityGlobals) = postSolution
		SolutionGuid = {71FA4328-55DB-4F7F-A937-2A7CC97C0271}
	EndGlobalSection
EndGlobal
